// !$*UTF8*$!
{
	archiveVersion = 1;
	classes = {
	};
	objectVersion = 50;
	objects = {

/* Begin PBXBuildFile section */
		430FA234213E947800898AB0 /* UIButton+CHPropertyAdd.m in Sources */ = {isa = PBXBuildFile; fileRef = 430FA233213E947800898AB0 /* UIButton+CHPropertyAdd.m */; };
		432D9D95213D1FA500B369C1 /* AppDelegate.m in Sources */ = {isa = PBXBuildFile; fileRef = 432D9D94213D1FA500B369C1 /* AppDelegate.m */; };
		432D9D98213D1FA500B369C1 /* ViewController.m in Sources */ = {isa = PBXBuildFile; fileRef = 432D9D97213D1FA500B369C1 /* ViewController.m */; };
		432D9D9B213D1FA500B369C1 /* Main.storyboard in Resources */ = {isa = PBXBuildFile; fileRef = 432D9D99213D1FA500B369C1 /* Main.storyboard */; };
		432D9D9D213D1FA800B369C1 /* Assets.xcassets in Resources */ = {isa = PBXBuildFile; fileRef = 432D9D9C213D1FA800B369C1 /* Assets.xcassets */; };
		432D9DA0213D1FA800B369C1 /* LaunchScreen.storyboard in Resources */ = {isa = PBXBuildFile; fileRef = 432D9D9E213D1FA800B369C1 /* LaunchScreen.storyboard */; };
		432D9DA3213D1FA800B369C1 /* main.m in Sources */ = {isa = PBXBuildFile; fileRef = 432D9DA2213D1FA800B369C1 /* main.m */; };
/* End PBXBuildFile section */

/* Begin PBXFileReference section */
		430FA232213E947800898AB0 /* UIButton+CHPropertyAdd.h */ = {isa = PBXFileReference; fileEncoding = 4; lastKnownFileType = sourcecode.c.h; path = "UIButton+CHPropertyAdd.h"; sourceTree = "<group>"; };
		430FA233213E947800898AB0 /* UIButton+CHPropertyAdd.m */ = {isa = PBXFileReference; fileEncoding = 4; lastKnownFileType = sourcecode.c.objc; path = "UIButton+CHPropertyAdd.m"; sourceTree = "<group>"; };
		432D9D90213D1FA500B369C1 /* CHButtonAddDemo.app */ = {isa = PBXFileReference; explicitFileType = wrapper.application; includeInIndex = 0; path = CHButtonAddDemo.app; sourceTree = BUILT_PRODUCTS_DIR; };
		432D9D93213D1FA500B369C1 /* AppDelegate.h */ = {isa = PBXFileReference; lastKnownFileType = sourcecode.c.h; path = AppDelegate.h; sourceTree = "<group>"; };
		432D9D94213D1FA500B369C1 /* AppDelegate.m */ = {isa = PBXFileReference; lastKnownFileType = sourcecode.c.objc; path = AppDelegate.m; sourceTree = "<group>"; };
		432D9D96213D1FA500B369C1 /* ViewController.h */ = {isa = PBXFileReference; lastKnownFileType = sourcecode.c.h; path = ViewController.h; sourceTree = "<group>"; };
		432D9D97213D1FA500B369C1 /* ViewController.m */ = {isa = PBXFileReference; lastKnownFileType = sourcecode.c.objc; path = ViewController.m; sourceTree = "<group>"; };
		432D9D9A213D1FA500B369C1 /* Base */ = {isa = PBXFileReference; lastKnownFileType = file.storyboard; name = Base; path = Base.lproj/Main.storyboard; sourceTree = "<group>"; };
		432D9D9C213D1FA800B369C1 /* Assets.xcassets */ = {isa = PBXFileReference; lastKnownFileType = folder.assetcatalog; path = Assets.xcassets; sourceTree = "<group>"; };
		432D9D9F213D1FA800B369C1 /* Base */ = {isa = PBXFileReference; lastKnownFileType = file.storyboard; name = Base; path = Base.lproj/LaunchScreen.storyboard; sourceTree = "<group>"; };
		432D9DA1213D1FA800B369C1 /* Info.plist */ = {isa = PBXFileReference; lastKnownFileType = text.plist.xml; path = Info.plist; sourceTree = "<group>"; };
		432D9DA2213D1FA800B369C1 /* main.m */ = {isa = PBXFileReference; lastKnownFileType = sourcecode.c.objc; path = main.m; sourceTree = "<group>"; };
/* End PBXFileReference section */

/* Begin PBXFrameworksBuildPhase section */
		432D9D8D213D1FA500B369C1 /* Frameworks */ = {
			isa = PBXFrameworksBuildPhase;
			buildActionMask = 2147483647;
			files = (
			);
			runOnlyForDeploymentPostprocessing = 0;
		};
/* End PBXFrameworksBuildPhase section */

/* Begin PBXGroup section */
		430FA231213E947800898AB0 /* UIButton+CHPropertyAdd */ = {
			isa = PBXGroup;
			children = (
				430FA232213E947800898AB0 /* UIButton+CHPropertyAdd.h */,
				430FA233213E947800898AB0 /* UIButton+CHPropertyAdd.m */,
			);
			name = "UIButton+CHPropertyAdd";
			path = "../../UIButton+CHPropertyAdd";
			sourceTree = "<group>";
		};
		432D9D87213D1FA500B369C1 = {
			isa = PBXGroup;
			children = (
				432D9D92213D1FA500B369C1 /* CHButtonAddDemo */,
				432D9D91213D1FA500B369C1 /* Products */,
			);
			sourceTree = "<group>";
		};
		432D9D91213D1FA500B369C1 /* Products */ = {
			isa = PBXGroup;
			children = (
				432D9D90213D1FA500B369C1 /* CHButtonAddDemo.app */,
			);
			name = Products;
			sourceTree = "<group>";
		};
		432D9D92213D1FA500B369C1 /* CHButtonAddDemo */ = {
			isa = PBXGroup;
			children = (
				430FA231213E947800898AB0 /* UIButton+CHPropertyAdd */,
				432D9D93213D1FA500B369C1 /* AppDelegate.h */,
				432D9D94213D1FA500B369C1 /* AppDelegate.m */,
				432D9D96213D1FA500B369C1 /* ViewController.h */,
				432D9D97213D1FA500B369C1 /* ViewController.m */,
				432D9D99213D1FA500B369C1 /* Main.storyboard */,
				432D9D9C213D1FA800B369C1 /* Assets.xcassets */,
				432D9D9E213D1FA800B369C1 /* LaunchScreen.storyboard */,
				432D9DA1213D1FA800B369C1 /* Info.plist */,
				432D9DA2213D1FA800B369C1 /* main.m */,
			);
			path = CHButtonAddDemo;
			sourceTree = "<group>";
		};
/* End PBXGroup section */

/* Begin PBXNativeTarget section */
		432D9D8F213D1FA500B369C1 /* CHButtonAddDemo */ = {
			isa = PBXNativeTarget;
			buildConfigurationList = 432D9DA6213D1FA800B369C1 /* Build configuration list for PBXNativeTarget "CHButtonAddDemo" */;
			buildPhases = (
				432D9D8C213D1FA500B369C1 /* Sources */,
				432D9D8D213D1FA500B369C1 /* Frameworks */,
				432D9D8E213D1FA500B369C1 /* Resources */,
			);
			buildRules = (
			);
			dependencies = (
			);
			name = CHButtonAddDemo;
			productName = CHButtonAddDemo;
			productReference = 432D9D90213D1FA500B369C1 /* CHButtonAddDemo.app */;
			productType = "com.apple.product-type.application";
		};
/* End PBXNativeTarget section */

/* Begin PBXProject section */
		432D9D88213D1FA500B369C1 /* Project object */ = {
			isa = PBXProject;
			attributes = {
				LastUpgradeCheck = 0940;
				ORGANIZATIONNAME = "张晨晖";
				TargetAttributes = {
					432D9D8F213D1FA500B369C1 = {
						CreatedOnToolsVersion = 9.4.1;
					};
				};
			};
			buildConfigurationList = 432D9D8B213D1FA500B369C1 /* Build configuration list for PBXProject "CHButtonAddDemo" */;
			compatibilityVersion = "Xcode 9.3";
			developmentRegion = en;
			hasScannedForEncodings = 0;
			knownRegions = (
				en,
				Base,
			);
			mainGroup = 432D9D87213D1FA500B369C1;
			productRefGroup = 432D9D91213D1FA500B369C1 /* Products */;
			projectDirPath = "";
			projectRoot = "";
			targets = (
				432D9D8F213D1FA500B369C1 /* CHButtonAddDemo */,
			);
		};
/* End PBXProject section */

/* Begin PBXResourcesBuildPhase section */
		432D9D8E213D1FA500B369C1 /* Resources */ = {
			isa = PBXResourcesBuildPhase;
			buildActionMask = 2147483647;
			files = (
				432D9DA0213D1FA800B369C1 /* LaunchScreen.storyboard in Resources */,
				432D9D9D213D1FA800B369C1 /* Assets.xcassets in Resources */,
				432D9D9B213D1FA500B369C1 /* Main.storyboard in Resources */,
			);
			runOnlyForDeploymentPostprocessing = 0;
		};
/* End PBXResourcesBuildPhase section */

/* Begin PBXSourcesBuildPhase section */
		432D9D8C213D1FA500B369C1 /* Sources */ = {
			isa = PBXSourcesBuildPhase;
			buildActionMask = 2147483647;
			files = (
				432D9D98213D1FA500B369C1 /* ViewController.m in Sources */,
				430FA234213E947800898AB0 /* UIButton+CHPropertyAdd.m in Sources */,
				432D9DA3213D1FA800B369C1 /* main.m in Sources */,
				432D9D95213D1FA500B369C1 /* AppDelegate.m in Sources */,
			);
			runOnlyForDeploymentPostprocessing = 0;
		};
/* End PBXSourcesBuildPhase section */

/* Begin PBXVariantGroup section */
		432D9D99213D1FA500B369C1 /* Main.storyboard */ = {
			isa = PBXVariantGroup;
			children = (
				432D9D9A213D1FA500B369C1 /* Base */,
			);
			name = Main.storyboard;
			sourceTree = "<group>";
		};
		432D9D9E213D1FA800B369C1 /* LaunchScreen.storyboard */ = {
			isa = PBXVariantGroup;
			children = (
				432D9D9F213D1FA800B369C1 /* Base */,
			);
			name = LaunchScreen.storyboard;
			sourceTree = "<group>";
		};
/* End PBXVariantGroup section */

/* Begin XCBuildConfiguration section */
		432D9DA4213D1FA800B369C1 /* Debug */ = {
			isa = XCBuildConfiguration;
			buildSettings = {
				ALWAYS_SEARCH_USER_PATHS = NO;
				CLANG_ANALYZER_NONNULL = YES;
				CLANG_ANALYZER_NUMBER_OBJECT_CONVERSION = YES_AGGRESSIVE;
				CLANG_CXX_LANGUAGE_STANDARD = "gnu++14";
				CLANG_CXX_LIBRARY = "libc++";
				CLANG_ENABLE_MODULES = YES;
				CLANG_ENABLE_OBJC_ARC = YES;
				CLANG_ENABLE_OBJC_WEAK = YES;
				CLANG_WARN_BLOCK_CAPTURE_AUTORELEASING = YES;
				CLANG_WARN_BOOL_CONVERSION = YES;
				CLANG_WARN_COMMA = YES;
				CLANG_WARN_CONSTANT_CONVERSION = YES;
				CLANG_WARN_DEPRECATED_OBJC_IMPLEMENTATIONS = YES;
				CLANG_WARN_DIRECT_OBJC_ISA_USAGE = YES_ERROR;
				CLANG_WARN_DOCUMENTATION_COMMENTS = YES;
				CLANG_WARN_EMPTY_BODY = YES;
				CLANG_WARN_ENUM_CONVERSION = YES;
				CLANG_WARN_INFINITE_RECURSION = YES;
				CLANG_WARN_INT_CONVERSION = YES;
				CLANG_WARN_NON_LITERAL_NULL_CONVERSION = YES;
				CLANG_WARN_OBJC_IMPLICIT_RETAIN_SELF = YES;
				CLANG_WARN_OBJC_LITERAL_CONVERSION = YES;
				CLANG_WARN_OBJC_ROOT_CLASS = YES_ERROR;
				CLANG_WARN_RANGE_LOOP_ANALYSIS = YES;
				CLANG_WARN_STRICT_PROTOTYPES = YES;
				CLANG_WARN_SUSPICIOUS_MOVE = YES;
				CLANG_WARN_UNGUARDED_AVAILABILITY = YES_AGGRESSIVE;
				CLANG_WARN_UNREACHABLE_CODE = YES;
				CLANG_WARN__DUPLICATE_METHOD_MATCH = YES;
				CODE_SIGN_IDENTITY = "iPhone Developer";
				COPY_PHASE_STRIP = NO;
				DEBUG_INFORMATION_FORMAT = dwarf;
				ENABLE_STRICT_OBJC_MSGSEND = YES;
				ENABLE_TESTABILITY = YES;
				GCC_C_LANGUAGE_STANDARD = gnu11;
				GCC_DYNAMIC_NO_PIC = NO;
				GCC_NO_COMMON_BLOCKS = YES;
				GCC_OPTIMIZATION_LEVEL = 0;
				GCC_PREPROCESSOR_DEFINITIONS = (
					"DEBUG=1",
					"$(inherited)",
				);
				GCC_WARN_64_TO_32_BIT_CONVERSION = YES;
				GCC_WARN_ABOUT_RETURN_TYPE = YES_ERROR;
				GCC_WARN_UNDECLARED_SELECTOR = YES;
				GCC_WARN_UNINITIALIZED_AUTOS = YES_AGGRESSIVE;
				GCC_WARN_UNUSED_FUNCTION = YES;
				GCC_WARN_UNUSED_VARIABLE = YES;
				IPHONEOS_DEPLOYMENT_TARGET = 11.4;
				MTL_ENABLE_DEBUG_INFO = YES;
				ONLY_ACTIVE_ARCH = YES;
				SDKROOT = iphoneos;
			};
			name = Debug;
		};
		432D9DA5213D1FA800B369C1 /* Release */ = {
			isa = XCBuildConfiguration;
			buildSettings = {
				ALWAYS_SEARCH_USER_PATHS = NO;
				CLANG_ANALYZER_NONNULL = YES;
				CLANG_ANALYZER_NUMBER_OBJECT_CONVERSION = YES_AGGRESSIVE;
				CLANG_CXX_LANGUAGE_STANDARD = "gnu++14";
				CLANG_CXX_LIBRARY = "libc++";
				CLANG_ENABLE_MODULES = YES;
				CLANG_ENABLE_OBJC_ARC = YES;
				CLANG_ENABLE_OBJC_WEAK = YES;
				CLANG_WARN_BLOCK_CAPTURE_AUTORELEASING = YES;
				CLANG_WARN_BOOL_CONVERSION = YES;
				CLANG_WARN_COMMA = YES;
				CLANG_WARN_CONSTANT_CONVERSION = YES;
				CLANG_WARN_DEPRECATED_OBJC_IMPLEMENTATIONS = YES;
				CLANG_WARN_DIRECT_OBJC_ISA_USAGE = YES_ERROR;
				CLANG_WARN_DOCUMENTATION_COMMENTS = YES;
				CLANG_WARN_EMPTY_BODY = YES;
				CLANG_WARN_ENUM_CONVERSION = YES;
				CLANG_WARN_INFINITE_RECURSION = YES;
				CLANG_WARN_INT_CONVERSION = YES;
				CLANG_WARN_NON_LITERAL_NULL_CONVERSION = YES;
				CLANG_WARN_OBJC_IMPLICIT_RETAIN_SELF = YES;
				CLANG_WARN_OBJC_LITERAL_CONVERSION = YES;
				CLANG_WARN_OBJC_ROOT_CLASS = YES_ERROR;
				CLANG_WARN_RANGE_LOOP_ANALYSIS = YES;
				CLANG_WARN_STRICT_PROTOTYPES = YES;
				CLANG_WARN_SUSPICIOUS_MOVE = YES;
				CLANG_WARN_UNGUARDED_AVAILABILITY = YES_AGGRESSIVE;
				CLANG_WARN_UNREACHABLE_CODE = YES;
				CLANG_WARN__DUPLICATE_METHOD_MATCH = YES;
				CODE_SIGN_IDENTITY = "iPhone Developer";
				COPY_PHASE_STRIP = NO;
				DEBUG_INFORMATION_FORMAT = "dwarf-with-dsym";
				ENABLE_NS_ASSERTIONS = NO;
				ENABLE_STRICT_OBJC_MSGSEND = YES;
				GCC_C_LANGUAGE_STANDARD = gnu11;
				GCC_NO_COMMON_BLOCKS = YES;
				GCC_WARN_64_TO_32_BIT_CONVERSION = YES;
				GCC_WARN_ABOUT_RETURN_TYPE = YES_ERROR;
				GCC_WARN_UNDECLARED_SELECTOR = YES;
				GCC_WARN_UNINITIALIZED_AUTOS = YES_AGGRESSIVE;
				GCC_WARN_UNUSED_FUNCTION = YES;
				GCC_WARN_UNUSED_VARIABLE = YES;
				IPHONEOS_DEPLOYMENT_TARGET = 11.4;
				MTL_ENABLE_DEBUG_INFO = NO;
				SDKROOT = iphoneos;
				VALIDATE_PRODUCT = YES;
			};
			name = Release;
		};
		432D9DA7213D1FA800B369C1 /* Debug */ = {
			isa = XCBuildConfiguration;
			buildSettings = {
				ASSETCATALOG_COMPILER_APPICON_NAME = AppIcon;
				CODE_SIGN_STYLE = Automatic;
				DEVELOPMENT_TEAM = F22VTWNS57;
				INFOPLIST_FILE = CHButtonAddDemo/Info.plist;
				LD_RUNPATH_SEARCH_PATHS = (
					"$(inherited)",
					"@executable_path/Frameworks",
				);
				PRODUCT_BUNDLE_IDENTIFIER = com.chenhuizhang.CHButtonAddDemo;
				PRODUCT_NAME = "$(TARGET_NAME)";
				TARGETED_DEVICE_FAMILY = "1,2";
			};
			name = Debug;
		};
		432D9DA8213D1FA800B369C1 /* Release */ = {
			isa = XCBuildConfiguration;
			buildSettings = {
				ASSETCATALOG_COMPILER_APPICON_NAME = AppIcon;
				CODE_SIGN_STYLE = Automatic;
				DEVELOPMENT_TEAM = F22VTWNS57;
				INFOPLIST_FILE = CHButtonAddDemo/Info.plist;
				LD_RUNPATH_SEARCH_PATHS = (
					"$(inherited)",
					"@executable_path/Frameworks",
				);
				PRODUCT_BUNDLE_IDENTIFIER = com.chenhuizhang.CHButtonAddDemo;
				PRODUCT_NAME = "$(TARGET_NAME)";
				TARGETED_DEVICE_FAMILY = "1,2";
			};
			name = Release;
		};
/* End XCBuildConfiguration section */

/* Begin XCConfigurationList section */
		432D9D8B213D1FA500B369C1 /* Build configuration list for PBXProject "CHButtonAddDemo" */ = {
			isa = XCConfigurationList;
			buildConfigurations = (
				432D9DA4213D1FA800B369C1 /* Debug */,
				432D9DA5213D1FA800B369C1 /* Release */,
			);
			defaultConfigurationIsVisible = 0;
			defaultConfigurationName = Release;
		};
		432D9DA6213D1FA800B369C1 /* Build configuration list for PBXNativeTarget "CHButtonAddDemo" */ = {
			isa = XCConfigurationList;
			buildConfigurations = (
				432D9DA7213D1FA800B369C1 /* Debug */,
				432D9DA8213D1FA800B369C1 /* Release */,
			);
			defaultConfigurationIsVisible = 0;
			defaultConfigurationName = Release;
		};
/* End XCConfigurationList section */
	};
	rootObject = 432D9D88213D1FA500B369C1 /* Project object */;
}
